
Microsoft Visual Studio Solution File, Format Version 12.00
# Visual Studio Version 17
VisualStudioVersion = 17.3.32825.248
MinimumVisualStudioVersion = 10.0.40219.1
Project("{9A19103F-16F7-4668-BE54-9A1E7A4F7556}") = "WebRazor", "WebRazor.csproj", "{3169204D-A372-4C70-9873-35F96E919EAE}"
EndProject
Global
	GlobalSection(SolutionConfigurationPlatforms) = preSolution
		Debug|Any CPU = Debug|Any CPU
		Release|Any CPU = Release|Any CPU
	EndGlobalSection
	GlobalSection(ProjectConfigurationPlatforms) = postSolution
		{3169204D-A372-4C70-9873-35F96E919EAE}.Debug|Any CPU.ActiveCfg = Debug|Any CPU
		{3169204D-A372-4C70-9873-35F96E919EAE}.Debug|Any CPU.Build.0 = Debug|Any CPU
		{3169204D-A372-4C70-9873-35F96E919EAE}.Release|Any CPU.ActiveCfg = Release|Any CPU
		{3169204D-A372-4C70-9873-35F96E919EAE}.Release|Any CPU.Build.0 = Release|Any CPU
	EndGlobalSection
	GlobalSection(SolutionProperties) = preSolution
		HideSolutionNode = FALSE
	EndGlobalSection
	GlobalSection(ExtensibilityGlobals) = postSolution
		SolutionGuid = {0930B9CC-92E4-4684-B8F0-46A18D3586D3}
	EndGlobalSection
EndGlobal
